
Microsoft Visual Studio Solution File, Format Version 12.00
# Visual Studio Version 17
VisualStudioVersion = 17.0.31903.59
MinimumVisualStudioVersion = 10.0.40219.1
Project("{FAE04EC0-301F-11D3-BF4B-00C04F79EFBC}") = "AdventOfCodeDay3", "AdventOfCodeDay3\AdventOfCodeDay3.csproj", "{27CAE5B8-C3F3-4537-88F1-463E54652E13}"
EndProject
Global
	GlobalSection(SolutionConfigurationPlatforms) = preSolution
		Debug|Any CPU = Debug|Any CPU
		Release|Any CPU = Release|Any CPU
	EndGlobalSection
	GlobalSection(ProjectConfigurationPlatforms) = postSolution
		{27CAE5B8-C3F3-4537-88F1-463E54652E13}.Debug|Any CPU.ActiveCfg = Debug|Any CPU
		{27CAE5B8-C3F3-4537-88F1-463E54652E13}.Debug|Any CPU.Build.0 = Debug|Any CPU
		{27CAE5B8-C3F3-4537-88F1-463E54652E13}.Release|Any CPU.ActiveCfg = Release|Any CPU
		{27CAE5B8-C3F3-4537-88F1-463E54652E13}.Release|Any CPU.Build.0 = Release|Any CPU
	EndGlobalSection
	GlobalSection(SolutionProperties) = preSolution
		HideSolutionNode = FALSE
	EndGlobalSection
	GlobalSection(ExtensibilityGlobals) = postSolution
		SolutionGuid = {73E7E801-1D29-437F-8410-D00BE009828C}
	EndGlobalSection
EndGlobal
